// !$*UTF8*$!
{
	archiveVersion = 1;
	classes = {
	};
	objectVersion = 56;
	objects = {

/* Begin PBXBuildFile section */
		42EAF4962C9307E2001ECE4E /* ScratchCard_Demo_ViewApp.swift in Sources */ = {isa = PBXBuildFile; fileRef = 42EAF4952C9307E2001ECE4E /* ScratchCard_Demo_ViewApp.swift */; };
		42EAF4982C9307E2001ECE4E /* ContentView.swift in Sources */ = {isa = PBXBuildFile; fileRef = 42EAF4972C9307E2001ECE4E /* ContentView.swift */; };
		42EAF49A2C9307E5001ECE4E /* Assets.xcassets in Resources */ = {isa = PBXBuildFile; fileRef = 42EAF4992C9307E5001ECE4E /* Assets.xcassets */; };
		42EAF49D2C9307E5001ECE4E /* Preview Assets.xcassets in Resources */ = {isa = PBXBuildFile; fileRef = 42EAF49C2C9307E5001ECE4E /* Preview Assets.xcassets */; };
		42EAF4A42C931653001ECE4E /* ScratchableView.swift in Sources */ = {isa = PBXBuildFile; fileRef = 42EAF4A32C931653001ECE4E /* ScratchableView.swift */; };
		42EAF4A62C931687001ECE4E /* MotionManager.swift in Sources */ = {isa = PBXBuildFile; fileRef = 42EAF4A52C931687001ECE4E /* MotionManager.swift */; };
		42EAF4A82C932442001ECE4E /* circleCompostingView.swift in Sources */ = {isa = PBXBuildFile; fileRef = 42EAF4A72C932442001ECE4E /* circleCompostingView.swift */; };
/* End PBXBuildFile section */

/* Begin PBXFileReference section */
		42EAF4922C9307E2001ECE4E /* ScratchCard_Demo_View.app */ = {isa = PBXFileReference; explicitFileType = wrapper.application; includeInIndex = 0; path = ScratchCard_Demo_View.app; sourceTree = BUILT_PRODUCTS_DIR; };
		42EAF4952C9307E2001ECE4E /* ScratchCard_Demo_ViewApp.swift */ = {isa = PBXFileReference; lastKnownFileType = sourcecode.swift; path = ScratchCard_Demo_ViewApp.swift; sourceTree = "<group>"; };
		42EAF4972C9307E2001ECE4E /* ContentView.swift */ = {isa = PBXFileReference; lastKnownFileType = sourcecode.swift; path = ContentView.swift; sourceTree = "<group>"; };
		42EAF4992C9307E5001ECE4E /* Assets.xcassets */ = {isa = PBXFileReference; lastKnownFileType = folder.assetcatalog; path = Assets.xcassets; sourceTree = "<group>"; };
		42EAF49C2C9307E5001ECE4E /* Preview Assets.xcassets */ = {isa = PBXFileReference; lastKnownFileType = folder.assetcatalog; path = "Preview Assets.xcassets"; sourceTree = "<group>"; };
		42EAF4A32C931653001ECE4E /* ScratchableView.swift */ = {isa = PBXFileReference; lastKnownFileType = sourcecode.swift; path = ScratchableView.swift; sourceTree = "<group>"; };
		42EAF4A52C931687001ECE4E /* MotionManager.swift */ = {isa = PBXFileReference; lastKnownFileType = sourcecode.swift; path = MotionManager.swift; sourceTree = "<group>"; };
		42EAF4A72C932442001ECE4E /* circleCompostingView.swift */ = {isa = PBXFileReference; lastKnownFileType = sourcecode.swift; path = circleCompostingView.swift; sourceTree = "<group>"; };
/* End PBXFileReference section */

/* Begin PBXFrameworksBuildPhase section */
		42EAF48F2C9307E2001ECE4E /* Frameworks */ = {
			isa = PBXFrameworksBuildPhase;
			buildActionMask = 2147483647;
			files = (
			);
			runOnlyForDeploymentPostprocessing = 0;
		};
/* End PBXFrameworksBuildPhase section */

/* Begin PBXGroup section */
		42EAF4892C9307E2001ECE4E = {
			isa = PBXGroup;
			children = (
				42EAF4942C9307E2001ECE4E /* ScratchCard_Demo_View */,
				42EAF4932C9307E2001ECE4E /* Products */,
			);
			sourceTree = "<group>";
		};
		42EAF4932C9307E2001ECE4E /* Products */ = {
			isa = PBXGroup;
			children = (
				42EAF4922C9307E2001ECE4E /* ScratchCard_Demo_View.app */,
			);
			name = Products;
			sourceTree = "<group>";
		};
		42EAF4942C9307E2001ECE4E /* ScratchCard_Demo_View */ = {
			isa = PBXGroup;
			children = (
				42EAF4952C9307E2001ECE4E /* ScratchCard_Demo_ViewApp.swift */,
				42EAF4A32C931653001ECE4E /* ScratchableView.swift */,
				42EAF4972C9307E2001ECE4E /* ContentView.swift */,
				42EAF4A52C931687001ECE4E /* MotionManager.swift */,
				42EAF4992C9307E5001ECE4E /* Assets.xcassets */,
				42EAF49B2C9307E5001ECE4E /* Preview Content */,
				42EAF4A72C932442001ECE4E /* circleCompostingView.swift */,
			);
			path = ScratchCard_Demo_View;
			sourceTree = "<group>";
		};
		42EAF49B2C9307E5001ECE4E /* Preview Content */ = {
			isa = PBXGroup;
			children = (
				42EAF49C2C9307E5001ECE4E /* Preview Assets.xcassets */,
			);
			path = "Preview Content";
			sourceTree = "<group>";
		};
/* End PBXGroup section */

/* Begin PBXNativeTarget section */
		42EAF4912C9307E2001ECE4E /* ScratchCard_Demo_View */ = {
			isa = PBXNativeTarget;
			buildConfigurationList = 42EAF4A02C9307E5001ECE4E /* Build configuration list for PBXNativeTarget "ScratchCard_Demo_View" */;
			buildPhases = (
				42EAF48E2C9307E2001ECE4E /* Sources */,
				42EAF48F2C9307E2001ECE4E /* Frameworks */,
				42EAF4902C9307E2001ECE4E /* Resources */,
			);
			buildRules = (
			);
			dependencies = (
			);
			name = ScratchCard_Demo_View;
			productName = ScratchCard_Demo_View;
			productReference = 42EAF4922C9307E2001ECE4E /* ScratchCard_Demo_View.app */;
			productType = "com.apple.product-type.application";
		};
/* End PBXNativeTarget section */

/* Begin PBXProject section */
		42EAF48A2C9307E2001ECE4E /* Project object */ = {
			isa = PBXProject;
			attributes = {
				BuildIndependentTargetsInParallel = 1;
				LastSwiftUpdateCheck = 1530;
				LastUpgradeCheck = 1530;
				TargetAttributes = {
					42EAF4912C9307E2001ECE4E = {
						CreatedOnToolsVersion = 15.3;
					};
				};
			};
			buildConfigurationList = 42EAF48D2C9307E2001ECE4E /* Build configuration list for PBXProject "ScratchCard_Demo_View" */;
			compatibilityVersion = "Xcode 14.0";
			developmentRegion = en;
			hasScannedForEncodings = 0;
			knownRegions = (
				en,
				Base,
			);
			mainGroup = 42EAF4892C9307E2001ECE4E;
			productRefGroup = 42EAF4932C9307E2001ECE4E /* Products */;
			projectDirPath = "";
			projectRoot = "";
			targets = (
				42EAF4912C9307E2001ECE4E /* ScratchCard_Demo_View */,
			);
		};
/* End PBXProject section */

/* Begin PBXResourcesBuildPhase section */
		42EAF4902C9307E2001ECE4E /* Resources */ = {
			isa = PBXResourcesBuildPhase;
			buildActionMask = 2147483647;
			files = (
				42EAF49D2C9307E5001ECE4E /* Preview Assets.xcassets in Resources */,
				42EAF49A2C9307E5001ECE4E /* Assets.xcassets in Resources */,
			);
			runOnlyForDeploymentPostprocessing = 0;
		};
/* End PBXResourcesBuildPhase section */

/* Begin PBXSourcesBuildPhase section */
		42EAF48E2C9307E2001ECE4E /* Sources */ = {
			isa = PBXSourcesBuildPhase;
			buildActionMask = 2147483647;
			files = (
				42EAF4982C9307E2001ECE4E /* ContentView.swift in Sources */,
				42EAF4962C9307E2001ECE4E /* ScratchCard_Demo_ViewApp.swift in Sources */,
				42EAF4A42C931653001ECE4E /* ScratchableView.swift in Sources */,
				42EAF4A62C931687001ECE4E /* MotionManager.swift in Sources */,
				42EAF4A82C932442001ECE4E /* circleCompostingView.swift in Sources */,
			);
			runOnlyForDeploymentPostprocessing = 0;
		};
/* End PBXSourcesBuildPhase section */

/* Begin XCBuildConfiguration section */
		42EAF49E2C9307E5001ECE4E /* Debug */ = {
			isa = XCBuildConfiguration;
			buildSettings = {
				ALWAYS_SEARCH_USER_PATHS = NO;
				ASSETCATALOG_COMPILER_GENERATE_SWIFT_ASSET_SYMBOL_EXTENSIONS = YES;
				CLANG_ANALYZER_NONNULL = YES;
				CLANG_ANALYZER_NUMBER_OBJECT_CONVERSION = YES_AGGRESSIVE;
				CLANG_CXX_LANGUAGE_STANDARD = "gnu++20";
				CLANG_ENABLE_MODULES = YES;
				CLANG_ENABLE_OBJC_ARC = YES;
				CLANG_ENABLE_OBJC_WEAK = YES;
				CLANG_WARN_BLOCK_CAPTURE_AUTORELEASING = YES;
				CLANG_WARN_BOOL_CONVERSION = YES;
				CLANG_WARN_COMMA = YES;
				CLANG_WARN_CONSTANT_CONVERSION = YES;
				CLANG_WARN_DEPRECATED_OBJC_IMPLEMENTATIONS = YES;
				CLANG_WARN_DIRECT_OBJC_ISA_USAGE = YES_ERROR;
				CLANG_WARN_DOCUMENTATION_COMMENTS = YES;
				CLANG_WARN_EMPTY_BODY = YES;
				CLANG_WARN_ENUM_CONVERSION = YES;
				CLANG_WARN_INFINITE_RECURSION = YES;
				CLANG_WARN_INT_CONVERSION = YES;
				CLANG_WARN_NON_LITERAL_NULL_CONVERSION = YES;
				CLANG_WARN_OBJC_IMPLICIT_RETAIN_SELF = YES;
				CLANG_WARN_OBJC_LITERAL_CONVERSION = YES;
				CLANG_WARN_OBJC_ROOT_CLASS = YES_ERROR;
				CLANG_WARN_QUOTED_INCLUDE_IN_FRAMEWORK_HEADER = YES;
				CLANG_WARN_RANGE_LOOP_ANALYSIS = YES;
				CLANG_WARN_STRICT_PROTOTYPES = YES;
				CLANG_WARN_SUSPICIOUS_MOVE = YES;
				CLANG_WARN_UNGUARDED_AVAILABILITY = YES_AGGRESSIVE;
				CLANG_WARN_UNREACHABLE_CODE = YES;
				CLANG_WARN__DUPLICATE_METHOD_MATCH = YES;
				COPY_PHASE_STRIP = NO;
				DEBUG_INFORMATION_FORMAT = dwarf;
				ENABLE_STRICT_OBJC_MSGSEND = YES;
				ENABLE_TESTABILITY = YES;
				ENABLE_USER_SCRIPT_SANDBOXING = YES;
				GCC_C_LANGUAGE_STANDARD = gnu17;
				GCC_DYNAMIC_NO_PIC = NO;
				GCC_NO_COMMON_BLOCKS = YES;
				GCC_OPTIMIZATION_LEVEL = 0;
				GCC_PREPROCESSOR_DEFINITIONS = (
					"DEBUG=1",
					"$(inherited)",
				);
				GCC_WARN_64_TO_32_BIT_CONVERSION = YES;
				GCC_WARN_ABOUT_RETURN_TYPE = YES_ERROR;
				GCC_WARN_UNDECLARED_SELECTOR = YES;
				GCC_WARN_UNINITIALIZED_AUTOS = YES_AGGRESSIVE;
				GCC_WARN_UNUSED_FUNCTION = YES;
				GCC_WARN_UNUSED_VARIABLE = YES;
				IPHONEOS_DEPLOYMENT_TARGET = 17.4;
				LOCALIZATION_PREFERS_STRING_CATALOGS = YES;
				MTL_ENABLE_DEBUG_INFO = INCLUDE_SOURCE;
				MTL_FAST_MATH = YES;
				ONLY_ACTIVE_ARCH = YES;
				SDKROOT = iphoneos;
				SWIFT_ACTIVE_COMPILATION_CONDITIONS = "DEBUG $(inherited)";
				SWIFT_OPTIMIZATION_LEVEL = "-Onone";
			};
			name = Debug;
		};
		42EAF49F2C9307E5001ECE4E /* Release */ = {
			isa = XCBuildConfiguration;
			buildSettings = {
				ALWAYS_SEARCH_USER_PATHS = NO;
				ASSETCATALOG_COMPILER_GENERATE_SWIFT_ASSET_SYMBOL_EXTENSIONS = YES;
				CLANG_ANALYZER_NONNULL = YES;
				CLANG_ANALYZER_NUMBER_OBJECT_CONVERSION = YES_AGGRESSIVE;
				CLANG_CXX_LANGUAGE_STANDARD = "gnu++20";
				CLANG_ENABLE_MODULES = YES;
				CLANG_ENABLE_OBJC_ARC = YES;
				CLANG_ENABLE_OBJC_WEAK = YES;
				CLANG_WARN_BLOCK_CAPTURE_AUTORELEASING = YES;
				CLANG_WARN_BOOL_CONVERSION = YES;
				CLANG_WARN_COMMA = YES;
				CLANG_WARN_CONSTANT_CONVERSION = YES;
				CLANG_WARN_DEPRECATED_OBJC_IMPLEMENTATIONS = YES;
				CLANG_WARN_DIRECT_OBJC_ISA_USAGE = YES_ERROR;
				CLANG_WARN_DOCUMENTATION_COMMENTS = YES;
				CLANG_WARN_EMPTY_BODY = YES;
				CLANG_WARN_ENUM_CONVERSION = YES;
				CLANG_WARN_INFINITE_RECURSION = YES;
				CLANG_WARN_INT_CONVERSION = YES;
				CLANG_WARN_NON_LITERAL_NULL_CONVERSION = YES;
				CLANG_WARN_OBJC_IMPLICIT_RETAIN_SELF = YES;
				CLANG_WARN_OBJC_LITERAL_CONVERSION = YES;
				CLANG_WARN_OBJC_ROOT_CLASS = YES_ERROR;
				CLANG_WARN_QUOTED_INCLUDE_IN_FRAMEWORK_HEADER = YES;
				CLANG_WARN_RANGE_LOOP_ANALYSIS = YES;
				CLANG_WARN_STRICT_PROTOTYPES = YES;
				CLANG_WARN_SUSPICIOUS_MOVE = YES;
				CLANG_WARN_UNGUARDED_AVAILABILITY = YES_AGGRESSIVE;
				CLANG_WARN_UNREACHABLE_CODE = YES;
				CLANG_WARN__DUPLICATE_METHOD_MATCH = YES;
				COPY_PHASE_STRIP = NO;
				DEBUG_INFORMATION_FORMAT = "dwarf-with-dsym";
				ENABLE_NS_ASSERTIONS = NO;
				ENABLE_STRICT_OBJC_MSGSEND = YES;
				ENABLE_USER_SCRIPT_SANDBOXING = YES;
				GCC_C_LANGUAGE_STANDARD = gnu17;
				GCC_NO_COMMON_BLOCKS = YES;
				GCC_WARN_64_TO_32_BIT_CONVERSION = YES;
				GCC_WARN_ABOUT_RETURN_TYPE = YES_ERROR;
				GCC_WARN_UNDECLARED_SELECTOR = YES;
				GCC_WARN_UNINITIALIZED_AUTOS = YES_AGGRESSIVE;
				GCC_WARN_UNUSED_FUNCTION = YES;
				GCC_WARN_UNUSED_VARIABLE = YES;
				IPHONEOS_DEPLOYMENT_TARGET = 17.4;
				LOCALIZATION_PREFERS_STRING_CATALOGS = YES;
				MTL_ENABLE_DEBUG_INFO = NO;
				MTL_FAST_MATH = YES;
				SDKROOT = iphoneos;
				SWIFT_COMPILATION_MODE = wholemodule;
				VALIDATE_PRODUCT = YES;
			};
			name = Release;
		};
		42EAF4A12C9307E5001ECE4E /* Debug */ = {
			isa = XCBuildConfiguration;
			buildSettings = {
				ASSETCATALOG_COMPILER_APPICON_NAME = AppIcon;
				ASSETCATALOG_COMPILER_GLOBAL_ACCENT_COLOR_NAME = AccentColor;
				CODE_SIGN_STYLE = Automatic;
				CURRENT_PROJECT_VERSION = 1;
				DEVELOPMENT_ASSET_PATHS = "\"ScratchCard_Demo_View/Preview Content\"";
				DEVELOPMENT_TEAM = 87NW43K2L2;
				ENABLE_PREVIEWS = YES;
				GENERATE_INFOPLIST_FILE = YES;
				INFOPLIST_KEY_UIApplicationSceneManifest_Generation = YES;
				INFOPLIST_KEY_UIApplicationSupportsIndirectInputEvents = YES;
				INFOPLIST_KEY_UILaunchScreen_Generation = YES;
				INFOPLIST_KEY_UISupportedInterfaceOrientations_iPad = "UIInterfaceOrientationPortrait UIInterfaceOrientationPortraitUpsideDown UIInterfaceOrientationLandscapeLeft UIInterfaceOrientationLandscapeRight";
				INFOPLIST_KEY_UISupportedInterfaceOrientations_iPhone = "UIInterfaceOrientationPortrait UIInterfaceOrientationLandscapeLeft UIInterfaceOrientationLandscapeRight";
				LD_RUNPATH_SEARCH_PATHS = (
					"$(inherited)",
					"@executable_path/Frameworks",
				);
				MARKETING_VERSION = 1.0;
				PRODUCT_BUNDLE_IDENTIFIER = "comvigneshzx.ScratchCard-Demo-View";
				PRODUCT_NAME = "$(TARGET_NAME)";
				SWIFT_EMIT_LOC_STRINGS = YES;
				SWIFT_VERSION = 5.0;
				TARGETED_DEVICE_FAMILY = "1,2";
			};
			name = Debug;
		};
		42EAF4A22C9307E5001ECE4E /* Release */ = {
			isa = XCBuildConfiguration;
			buildSettings = {
				ASSETCATALOG_COMPILER_APPICON_NAME = AppIcon;
				ASSETCATALOG_COMPILER_GLOBAL_ACCENT_COLOR_NAME = AccentColor;
				CODE_SIGN_STYLE = Automatic;
				CURRENT_PROJECT_VERSION = 1;
				DEVELOPMENT_ASSET_PATHS = "\"ScratchCard_Demo_View/Preview Content\"";
				DEVELOPMENT_TEAM = 87NW43K2L2;
				ENABLE_PREVIEWS = YES;
				GENERATE_INFOPLIST_FILE = YES;
				INFOPLIST_KEY_UIApplicationSceneManifest_Generation = YES;
				INFOPLIST_KEY_UIApplicationSupportsIndirectInputEvents = YES;
				INFOPLIST_KEY_UILaunchScreen_Generation = YES;
				INFOPLIST_KEY_UISupportedInterfaceOrientations_iPad = "UIInterfaceOrientationPortrait UIInterfaceOrientationPortraitUpsideDown UIInterfaceOrientationLandscapeLeft UIInterfaceOrientationLandscapeRight";
				INFOPLIST_KEY_UISupportedInterfaceOrientations_iPhone = "UIInterfaceOrientationPortrait UIInterfaceOrientationLandscapeLeft UIInterfaceOrientationLandscapeRight";
				LD_RUNPATH_SEARCH_PATHS = (
					"$(inherited)",
					"@executable_path/Frameworks",
				);
				MARKETING_VERSION = 1.0;
				PRODUCT_BUNDLE_IDENTIFIER = "comvigneshzx.ScratchCard-Demo-View";
				PRODUCT_NAME = "$(TARGET_NAME)";
				SWIFT_EMIT_LOC_STRINGS = YES;
				SWIFT_VERSION = 5.0;
				TARGETED_DEVICE_FAMILY = "1,2";
			};
			name = Release;
		};
/* End XCBuildConfiguration section */

/* Begin XCConfigurationList section */
		42EAF48D2C9307E2001ECE4E /* Build configuration list for PBXProject "ScratchCard_Demo_View" */ = {
			isa = XCConfigurationList;
			buildConfigurations = (
				42EAF49E2C9307E5001ECE4E /* Debug */,
				42EAF49F2C9307E5001ECE4E /* Release */,
			);
			defaultConfigurationIsVisible = 0;
			defaultConfigurationName = Release;
		};
		42EAF4A02C9307E5001ECE4E /* Build configuration list for PBXNativeTarget "ScratchCard_Demo_View" */ = {
			isa = XCConfigurationList;
			buildConfigurations = (
				42EAF4A12C9307E5001ECE4E /* Debug */,
				42EAF4A22C9307E5001ECE4E /* Release */,
			);
			defaultConfigurationIsVisible = 0;
			defaultConfigurationName = Release;
		};
/* End XCConfigurationList section */
	};
	rootObject = 42EAF48A2C9307E2001ECE4E /* Project object */;
}
